{
  "name": "bobs-workshop",
  "version": "0.1.0",
  "lockfileVersion": 3,
  "requires": true,
  "packages": {
    "": {
      "name": "bobs-workshop",
      "version": "0.1.0",
      "devDependencies": {
        "hearthstone-card-images": "^5.0.2"
      }
    },
    "node_modules/hearthstone-card-images": {
      "version": "5.0.2",
      "resolved": "https://registry.npmmirror.com/hearthstone-card-images/-/hearthstone-card-images-5.0.2.tgz",
      "integrity": "sha512-rbdKMWHOkSX9P/MUrpQdwi6cXJlA1Ca+sQT2uz8AcEaWIocftALrKnDUfkgd1chyGBWXDVq8KGlta1j6069/Sg==",
      "dev": true,
      "license": "MIT"
    }
  }
}
